
Microsoft Visual Studio Solution File, Format Version 12.00
# Visual Studio Version 17
VisualStudioVersion = 17.7.34031.279
MinimumVisualStudioVersion = 10.0.40219.1
Project("{9A19103F-16F7-4668-BE54-9A1E7A4F7556}") = "SpeachForm", "SpeachForm.csproj", "{5CB3B692-A0E1-4FA7-84EF-BF3280F25902}"
EndProject
Project("{9A19103F-16F7-4668-BE54-9A1E7A4F7556}") = "VoskDemo", "..\csharp\demo\VoskDemo.csproj", "{F8F2A6A2-23AF-47DC-9D15-6EBB655F4F1A}"
EndProject
Global
	GlobalSection(SolutionConfigurationPlatforms) = preSolution
		Debug|Any CPU = Debug|Any CPU
		Release|Any CPU = Release|Any CPU
	EndGlobalSection
	GlobalSection(ProjectConfigurationPlatforms) = postSolution
		{5CB3B692-A0E1-4FA7-84EF-BF3280F25902}.Debug|Any CPU.ActiveCfg = Debug|Any CPU
		{5CB3B692-A0E1-4FA7-84EF-BF3280F25902}.Debug|Any CPU.Build.0 = Debug|Any CPU
		{5CB3B692-A0E1-4FA7-84EF-BF3280F25902}.Release|Any CPU.ActiveCfg = Release|Any CPU
		{5CB3B692-A0E1-4FA7-84EF-BF3280F25902}.Release|Any CPU.Build.0 = Release|Any CPU
		{F8F2A6A2-23AF-47DC-9D15-6EBB655F4F1A}.Debug|Any CPU.ActiveCfg = Debug|Any CPU
		{F8F2A6A2-23AF-47DC-9D15-6EBB655F4F1A}.Debug|Any CPU.Build.0 = Debug|Any CPU
		{F8F2A6A2-23AF-47DC-9D15-6EBB655F4F1A}.Release|Any CPU.ActiveCfg = Release|Any CPU
		{F8F2A6A2-23AF-47DC-9D15-6EBB655F4F1A}.Release|Any CPU.Build.0 = Release|Any CPU
	EndGlobalSection
	GlobalSection(SolutionProperties) = preSolution
		HideSolutionNode = FALSE
	EndGlobalSection
	GlobalSection(ExtensibilityGlobals) = postSolution
		SolutionGuid = {1BF24BF8-5FC7-4219-B290-0325BE82A92F}
	EndGlobalSection
EndGlobal
